{
  "nodes": {
    "fenix": {
      "inputs": {
        "nixpkgs": [
          "nixpkgs"
        ],
        "rust-analyzer-src": "rust-analyzer-src"
      },
      "locked": {
        "lastModified": 1783844668,
        "narHash": "sha256-3MOpw4y3reoErRLvFBDz0t9aG6FWXUj7leKvUns5eQA=",
        "owner": "nix-community",
        "repo": "fenix",
        "rev": "4e49ef62eedaa5c149d62b63b3f53844e1cc45d7",
        "type": "github"
      },
      "original": {
        "owner": "nix-community",
        "repo": "fenix",
        "type": "github"
      }
    },
    "flake-utils": {
      "inputs": {
        "systems": "systems"
      },
      "locked": {
        "lastModified": 1731533236,
        "narHash": "sha256-l0KFg5HjrsfsO/JpG+r7fRrqm12kzFHyUHqHCVpMMbI=",
        "owner": "numtide",
        "repo": "flake-utils",
        "rev": "11707dc2f618dd54ca8739b309ec4fc024de578b",
        "type": "github"
      },
      "original": {
        "owner": "numtide",
        "repo": "flake-utils",
        "type": "github"
      }
    },
    "immer": {
      "flake": false,
      "locked": {
        "lastModified": 1764710710,
        "narHash": "sha256-jP0DXOu21jMkPunXv4CIBb4wVusT21GAWaGcVDnxzzE=",
        "owner": "arximboldi",
        "repo": "immer",
        "rev": "06d94ce48a02b11d3b225083a820f82c3d3ef462",
        "type": "github"
      },
      "original": {
        "owner": "arximboldi",
        "repo": "immer",
        "rev": "06d94ce48a02b11d3b225083a820f82c3d3ef462",
        "type": "github"
      }
    },
    "mlir-sync": {
      "flake": false,
      "locked": {
        "lastModified": 1784322562,
        "narHash": "sha256-9v3j7XFfBYVUcuLwVgz9cKvsfjjltluAZ8FgCoH2+XY=",
        "owner": "reussir-lang",
        "repo": "mlir-sync",
        "rev": "5e9721da4911c5b256a67922193a96e8dd417692",
        "type": "github"
      },
      "original": {
        "owner": "reussir-lang",
        "repo": "mlir-sync",
        "rev": "5e9721da4911c5b256a67922193a96e8dd417692",
        "type": "github"
      }
    },
    "nixpkgs": {
      "locked": {
        "lastModified": 1783776592,
        "narHash": "sha256-UgCQzxeWI75XM8G+hPrPh+MKzEPjG3SpAj7dtqSbksA=",
        "owner": "NixOS",
        "repo": "nixpkgs",
        "rev": "e7a3ca8092b61ff85b6a45bf863ea2b2d6a661b3",
        "type": "github"
      },
      "original": {
        "owner": "NixOS",
        "ref": "nixos-unstable",
        "repo": "nixpkgs",
        "type": "github"
      }
    },
    "reussir": {
      "inputs": {
        "fenix": [
          "fenix"
        ],
        "flake-utils": [
          "flake-utils"
        ],
        "nixpkgs": [
          "nixpkgs"
        ]
      },
      "locked": {
        "lastModified": 1786493738,
        "narHash": "sha256-Tq7rhSBRyqMnA3oaUo8Ibvzkn0HefJsD7+Dda4Et1vU=",
        "owner": "reussir-lang",
        "repo": "reussir",
        "rev": "25f7884fde21165471487d522ec0272fc9c5668a",
        "type": "github"
      },
      "original": {
        "owner": "reussir-lang",
        "repo": "reussir",
        "rev": "25f7884fde21165471487d522ec0272fc9c5668a",
        "type": "github"
      }
    },
    "root": {
      "inputs": {
        "fenix": "fenix",
        "flake-utils": "flake-utils",
        "immer": "immer",
        "mlir-sync": "mlir-sync",
        "nixpkgs": "nixpkgs",
        "reussir": "reussir"
      }
    },
    "rust-analyzer-src": {
      "flake": false,
      "locked": {
        "lastModified": 1783779020,
        "narHash": "sha256-vpm418WZa9l1KUl6HRs+Ga+SIfE+D2/sV4olwTlilYc=",
        "owner": "rust-lang",
        "repo": "rust-analyzer",
        "rev": "5be5e89cf0145d73a85c805726821b4adfc3af48",
        "type": "github"
      },
      "original": {
        "owner": "rust-lang",
        "ref": "nightly",
        "repo": "rust-analyzer",
        "type": "github"
      }
    },
    "systems": {
      "locked": {
        "lastModified": 1681028828,
        "narHash": "sha256-Vy1rq5AaRuLzOxct8nz4T6wlgyUR7zLU309k9mBC768=",
        "owner": "nix-systems",
        "repo": "default",
        "rev": "da67096a3b9bf56a91d16901293e51ba5b49a27e",
        "type": "github"
      },
      "original": {
        "owner": "nix-systems",
        "repo": "default",
        "type": "github"
      }
    }
  },
  "root": "root",
  "version": 7
}
